
Microsoft Visual Studio Solution File, Format Version 12.00
# Visual Studio Version 16
VisualStudioVersion = 16.0.29709.97
MinimumVisualStudioVersion = 10.0.40219.1
Project("{FAE04EC0-301F-11D3-BF4B-00C04F79EFBC}") = "LearningDotNet", "LearningDotNet\LearningDotNet.csproj", "{8558CBA1-316A-4DF9-9D3F-5F66997236F5}"
EndProject
Global
	GlobalSection(SolutionConfigurationPlatforms) = preSolution
		Debug|Any CPU = Debug|Any CPU
		Release|Any CPU = Release|Any CPU
	EndGlobalSection
	GlobalSection(ProjectConfigurationPlatforms) = postSolution
		{8558CBA1-316A-4DF9-9D3F-5F66997236F5}.Debug|Any CPU.ActiveCfg = Debug|Any CPU
		{8558CBA1-316A-4DF9-9D3F-5F66997236F5}.Debug|Any CPU.Build.0 = Debug|Any CPU
		{8558CBA1-316A-4DF9-9D3F-5F66997236F5}.Release|Any CPU.ActiveCfg = Release|Any CPU
		{8558CBA1-316A-4DF9-9D3F-5F66997236F5}.Release|Any CPU.Build.0 = Release|Any CPU
	EndGlobalSection
	GlobalSection(SolutionProperties) = preSolution
		HideSolutionNode = FALSE
	EndGlobalSection
	GlobalSection(ExtensibilityGlobals) = postSolution
		SolutionGuid = {38590229-4381-4610-9039-EF9F5FA33E5A}
	EndGlobalSection
EndGlobal
